
Microsoft Visual Studio Solution File, Format Version 12.00
# Visual Studio Version 17
VisualStudioVersion = 17.9.34714.143
MinimumVisualStudioVersion = 10.0.40219.1
Project("{FAE04EC0-301F-11D3-BF4B-00C04F79EFBC}") = "p_mobile2", "p_mobile2.csproj", "{4366FAD8-56FB-41EC-BD4D-7BD4AB315120}"
EndProject
Global
	GlobalSection(SolutionConfigurationPlatforms) = preSolution
		Debug|Any CPU = Debug|Any CPU
		Release|Any CPU = Release|Any CPU
	EndGlobalSection
	GlobalSection(ProjectConfigurationPlatforms) = postSolution
		{4366FAD8-56FB-41EC-BD4D-7BD4AB315120}.Debug|Any CPU.ActiveCfg = Debug|Any CPU
		{4366FAD8-56FB-41EC-BD4D-7BD4AB315120}.Debug|Any CPU.Build.0 = Debug|Any CPU
		{4366FAD8-56FB-41EC-BD4D-7BD4AB315120}.Debug|Any CPU.Deploy.0 = Debug|Any CPU
		{4366FAD8-56FB-41EC-BD4D-7BD4AB315120}.Release|Any CPU.ActiveCfg = Release|Any CPU
		{4366FAD8-56FB-41EC-BD4D-7BD4AB315120}.Release|Any CPU.Build.0 = Release|Any CPU
		{4366FAD8-56FB-41EC-BD4D-7BD4AB315120}.Release|Any CPU.Deploy.0 = Release|Any CPU
	EndGlobalSection
	GlobalSection(SolutionProperties) = preSolution
		HideSolutionNode = FALSE
	EndGlobalSection
	GlobalSection(ExtensibilityGlobals) = postSolution
		SolutionGuid = {9356D5D5-6A7A-4D0A-A6F8-F4D14A921598}
	EndGlobalSection
EndGlobal
